
Microsoft Visual Studio Solution File, Format Version 12.00
Project("{FAE04EC0-301F-11D3-BF4B-00C04F79EFBC}") = "secretary.documents", "secretary.documents\secretary.documents.csproj", "{3CE92D8F-C703-4CF6-8343-7D5797192D5F}"
EndProject
Project("{FAE04EC0-301F-11D3-BF4B-00C04F79EFBC}") = "secretary.documents.tests", "secretary.documents.tests\secretary.documents.tests.csproj", "{0C2387E6-1D85-470D-ACEC-F4558C33A9C8}"
EndProject
Project("{FAE04EC0-301F-11D3-BF4B-00C04F79EFBC}") = "secretary.telegram", "secretary.telegram\secretary.telegram.csproj", "{DA32A077-838C-49FD-B824-C269C8D35207}"
EndProject
Project("{FAE04EC0-301F-11D3-BF4B-00C04F79EFBC}") = "secretary.telegram.tests", "secretary.telegram.tests\secretary.telegram.tests.csproj", "{71FEBB13-8A56-490E-B534-C0A0007DF102}"
EndProject
Project("{FAE04EC0-301F-11D3-BF4B-00C04F79EFBC}") = "secretary.yandex", "secretary.yandex\secretary.yandex.csproj", "{54981412-0AA2-4608-A708-5B10692C4C3A}"
EndProject
Project("{FAE04EC0-301F-11D3-BF4B-00C04F79EFBC}") = "secretary.storage", "secretary.storage\secretary.storage.csproj", "{B0378611-12D4-43C0-8190-0494D586C012}"
EndProject
Project("{FAE04EC0-301F-11D3-BF4B-00C04F79EFBC}") = "secretary.configuration", "secretary.configuration\secretary.configuration.csproj", "{71264AC1-0EA6-402A-9DE4-A64C638830BA}"
EndProject
Project("{FAE04EC0-301F-11D3-BF4B-00C04F79EFBC}") = "secretary.console", "secretary.console\secretary.console.csproj", "{70C7CD29-F7F4-494F-BEA1-4677D84F97B5}"
EndProject
Global
	GlobalSection(SolutionConfigurationPlatforms) = preSolution
		Debug|Any CPU = Debug|Any CPU
		Release|Any CPU = Release|Any CPU
	EndGlobalSection
	GlobalSection(ProjectConfigurationPlatforms) = postSolution
		{3CE92D8F-C703-4CF6-8343-7D5797192D5F}.Debug|Any CPU.ActiveCfg = Debug|Any CPU
		{3CE92D8F-C703-4CF6-8343-7D5797192D5F}.Debug|Any CPU.Build.0 = Debug|Any CPU
		{3CE92D8F-C703-4CF6-8343-7D5797192D5F}.Release|Any CPU.ActiveCfg = Release|Any CPU
		{3CE92D8F-C703-4CF6-8343-7D5797192D5F}.Release|Any CPU.Build.0 = Release|Any CPU
		{347F20CE-D4DD-48E3-B746-DDC787737E78}.Debug|Any CPU.ActiveCfg = Debug|Any CPU
		{347F20CE-D4DD-48E3-B746-DDC787737E78}.Debug|Any CPU.Build.0 = Debug|Any CPU
		{347F20CE-D4DD-48E3-B746-DDC787737E78}.Release|Any CPU.ActiveCfg = Release|Any CPU
		{347F20CE-D4DD-48E3-B746-DDC787737E78}.Release|Any CPU.Build.0 = Release|Any CPU
		{0C2387E6-1D85-470D-ACEC-F4558C33A9C8}.Debug|Any CPU.ActiveCfg = Debug|Any CPU
		{0C2387E6-1D85-470D-ACEC-F4558C33A9C8}.Debug|Any CPU.Build.0 = Debug|Any CPU
		{0C2387E6-1D85-470D-ACEC-F4558C33A9C8}.Release|Any CPU.ActiveCfg = Release|Any CPU
		{0C2387E6-1D85-470D-ACEC-F4558C33A9C8}.Release|Any CPU.Build.0 = Release|Any CPU
		{DA32A077-838C-49FD-B824-C269C8D35207}.Debug|Any CPU.ActiveCfg = Debug|Any CPU
		{DA32A077-838C-49FD-B824-C269C8D35207}.Debug|Any CPU.Build.0 = Debug|Any CPU
		{DA32A077-838C-49FD-B824-C269C8D35207}.Release|Any CPU.ActiveCfg = Release|Any CPU
		{DA32A077-838C-49FD-B824-C269C8D35207}.Release|Any CPU.Build.0 = Release|Any CPU
		{71FEBB13-8A56-490E-B534-C0A0007DF102}.Debug|Any CPU.ActiveCfg = Debug|Any CPU
		{71FEBB13-8A56-490E-B534-C0A0007DF102}.Debug|Any CPU.Build.0 = Debug|Any CPU
		{71FEBB13-8A56-490E-B534-C0A0007DF102}.Release|Any CPU.ActiveCfg = Release|Any CPU
		{71FEBB13-8A56-490E-B534-C0A0007DF102}.Release|Any CPU.Build.0 = Release|Any CPU
		{54981412-0AA2-4608-A708-5B10692C4C3A}.Debug|Any CPU.ActiveCfg = Debug|Any CPU
		{54981412-0AA2-4608-A708-5B10692C4C3A}.Debug|Any CPU.Build.0 = Debug|Any CPU
		{54981412-0AA2-4608-A708-5B10692C4C3A}.Release|Any CPU.ActiveCfg = Release|Any CPU
		{54981412-0AA2-4608-A708-5B10692C4C3A}.Release|Any CPU.Build.0 = Release|Any CPU
		{B0378611-12D4-43C0-8190-0494D586C012}.Debug|Any CPU.ActiveCfg = Debug|Any CPU
		{B0378611-12D4-43C0-8190-0494D586C012}.Debug|Any CPU.Build.0 = Debug|Any CPU
		{B0378611-12D4-43C0-8190-0494D586C012}.Release|Any CPU.ActiveCfg = Release|Any CPU
		{B0378611-12D4-43C0-8190-0494D586C012}.Release|Any CPU.Build.0 = Release|Any CPU
		{71264AC1-0EA6-402A-9DE4-A64C638830BA}.Debug|Any CPU.ActiveCfg = Debug|Any CPU
		{71264AC1-0EA6-402A-9DE4-A64C638830BA}.Debug|Any CPU.Build.0 = Debug|Any CPU
		{71264AC1-0EA6-402A-9DE4-A64C638830BA}.Release|Any CPU.ActiveCfg = Release|Any CPU
		{71264AC1-0EA6-402A-9DE4-A64C638830BA}.Release|Any CPU.Build.0 = Release|Any CPU
		{70C7CD29-F7F4-494F-BEA1-4677D84F97B5}.Debug|Any CPU.ActiveCfg = Debug|Any CPU
		{70C7CD29-F7F4-494F-BEA1-4677D84F97B5}.Debug|Any CPU.Build.0 = Debug|Any CPU
		{70C7CD29-F7F4-494F-BEA1-4677D84F97B5}.Release|Any CPU.ActiveCfg = Release|Any CPU
		{70C7CD29-F7F4-494F-BEA1-4677D84F97B5}.Release|Any CPU.Build.0 = Release|Any CPU
	EndGlobalSection
EndGlobal
