
Microsoft Visual Studio Solution File, Format Version 12.00
Project("{FAE04EC0-301F-11D3-BF4B-00C04F79EFBC}") = "Secretary.Documents", "Secretary.Documents\Secretary.Documents.csproj", "{3CE92D8F-C703-4CF6-8343-7D5797192D5F}"
EndProject
Project("{FAE04EC0-301F-11D3-BF4B-00C04F79EFBC}") = "Secretary.Documents.Tests", "Secretary.Documents.Tests\Secretary.Documents.Tests.csproj", "{0C2387E6-1D85-470D-ACEC-F4558C33A9C8}"
EndProject
Project("{FAE04EC0-301F-11D3-BF4B-00C04F79EFBC}") = "Secretary.Telegram", "Secretary.Telegram\Secretary.Telegram.csproj", "{DA32A077-838C-49FD-B824-C269C8D35207}"
EndProject
Project("{FAE04EC0-301F-11D3-BF4B-00C04F79EFBC}") = "Secretary.Telegram.Tests", "Secretary.Telegram.Tests\Secretary.Telegram.Tests.csproj", "{71FEBB13-8A56-490E-B534-C0A0007DF102}"
EndProject
Project("{FAE04EC0-301F-11D3-BF4B-00C04F79EFBC}") = "Secretary.Yandex", "Secretary.Yandex\Secretary.Yandex.csproj", "{54981412-0AA2-4608-A708-5B10692C4C3A}"
EndProject
Project("{FAE04EC0-301F-11D3-BF4B-00C04F79EFBC}") = "Secretary.Storage", "Secretary.Storage\Secretary.Storage.csproj", "{B0378611-12D4-43C0-8190-0494D586C012}"
EndProject
Project("{FAE04EC0-301F-11D3-BF4B-00C04F79EFBC}") = "Secretary.Configuration", "Secretary.Configuration\Secretary.Configuration.csproj", "{71264AC1-0EA6-402A-9DE4-A64C638830BA}"
EndProject
Project("{FAE04EC0-301F-11D3-BF4B-00C04F79EFBC}") = "Secretary.TelegramBot", "Secretary.TelegramBot\Secretary.TelegramBot.csproj", "{70C7CD29-F7F4-494F-BEA1-4677D84F97B5}"
EndProject
Project("{FAE04EC0-301F-11D3-BF4B-00C04F79EFBC}") = "Secretary.Logging", "Secretary.Logging\Secretary.Logging.csproj", "{21663A3E-D1C8-42D1-9D0C-0E2EA5672FFD}"
EndProject
Project("{FAE04EC0-301F-11D3-BF4B-00C04F79EFBC}") = "Secretary.Cache", "Secretary.Cache\Secretary.Cache.csproj", "{24638A57-F010-4DAD-BEB4-A63FFE4EF09D}"
EndProject
Project("{FAE04EC0-301F-11D3-BF4B-00C04F79EFBC}") = "Secretary.Yandex.Tests", "Secretary.Yandex.Tests\Secretary.Yandex.Tests.csproj", "{9F1C28E4-04B2-4E06-80C3-C791101F6F2E}"
EndProject
Project("{FAE04EC0-301F-11D3-BF4B-00C04F79EFBC}") = "Secretary.Panel", "Secretary.Panel\Secretary.Panel.csproj", "{50EB3BC8-BFC6-427A-A8C1-6529F964AAD5}"
EndProject
Project("{FAE04EC0-301F-11D3-BF4B-00C04F79EFBC}") = "Secretary.Panel.Tests", "Secretary.Panel.Tests\Secretary.Panel.Tests.csproj", "{8337399A-E43E-4ABD-9795-D71F78119413}"
EndProject
Project("{FAE04EC0-301F-11D3-BF4B-00C04F79EFBC}") = "Secretary.WorkingCalendar", "Secretary.WorkingCalendar\Secretary.WorkingCalendar.csproj", "{965D9536-C8CD-4F53-80FD-E53E9510C698}"
EndProject
Project("{FAE04EC0-301F-11D3-BF4B-00C04F79EFBC}") = "Secretary.WorkingCalendar.Tests", "Secretary.WorkingCalendar.Tests\Secretary.WorkingCalendar.Tests.csproj", "{8A9C7ABD-9F77-419B-8722-B1693501C2D3}"
EndProject
Project("{FAE04EC0-301F-11D3-BF4B-00C04F79EFBC}") = "Secretary.HealthCheck", "Secretary.HealthCheck\Secretary.HealthCheck.csproj", "{4788E5AA-05DE-44FC-A8A7-7214E62F7EB5}"
EndProject
Project("{FAE04EC0-301F-11D3-BF4B-00C04F79EFBC}") = "Secretary.HealthCheck.Tests", "Secretary.HealthCheck.Tests\Secretary.HealthCheck.Tests.csproj", "{184A6236-D1D4-4BB2-9385-4869552DE6B8}"
EndProject
Project("{FAE04EC0-301F-11D3-BF4B-00C04F79EFBC}") = "Secretary.LogTimeReminder", "Secretary.LogTimeReminder\Secretary.LogTimeReminder.csproj", "{251F8DBE-C47D-451C-949A-6842A21406D4}"
EndProject
Project("{FAE04EC0-301F-11D3-BF4B-00C04F79EFBC}") = "Secretary.TokenRefresher", "Secretary.TokenRefresher\Secretary.TokenRefresher.csproj", "{ACFCA2D8-75F1-4D93-845A-8A61C6A03148}"
EndProject
Project("{FAE04EC0-301F-11D3-BF4B-00C04F79EFBC}") = "Secretary.LogTimeReminder.Tests", "Secretary.LogTimeReminder.Tests\Secretary.LogTimeReminder.Tests.csproj", "{349F4917-577A-4ED3-AA22-B050D706D851}"
EndProject
Project("{FAE04EC0-301F-11D3-BF4B-00C04F79EFBC}") = "Secretary.TokenRefresher.Tests", "Secretary.TokenRefresher.Tests\Secretary.TokenRefresher.Tests.csproj", "{79B27EB5-AB2F-47FC-8309-FD842006608D}"
EndProject
Global
	GlobalSection(SolutionConfigurationPlatforms) = preSolution
		Debug|Any CPU = Debug|Any CPU
		Release|Any CPU = Release|Any CPU
	EndGlobalSection
	GlobalSection(ProjectConfigurationPlatforms) = postSolution
		{3CE92D8F-C703-4CF6-8343-7D5797192D5F}.Debug|Any CPU.ActiveCfg = Debug|Any CPU
		{3CE92D8F-C703-4CF6-8343-7D5797192D5F}.Debug|Any CPU.Build.0 = Debug|Any CPU
		{3CE92D8F-C703-4CF6-8343-7D5797192D5F}.Release|Any CPU.ActiveCfg = Release|Any CPU
		{3CE92D8F-C703-4CF6-8343-7D5797192D5F}.Release|Any CPU.Build.0 = Release|Any CPU
		{347F20CE-D4DD-48E3-B746-DDC787737E78}.Debug|Any CPU.ActiveCfg = Debug|Any CPU
		{347F20CE-D4DD-48E3-B746-DDC787737E78}.Debug|Any CPU.Build.0 = Debug|Any CPU
		{347F20CE-D4DD-48E3-B746-DDC787737E78}.Release|Any CPU.ActiveCfg = Release|Any CPU
		{347F20CE-D4DD-48E3-B746-DDC787737E78}.Release|Any CPU.Build.0 = Release|Any CPU
		{0C2387E6-1D85-470D-ACEC-F4558C33A9C8}.Debug|Any CPU.ActiveCfg = Debug|Any CPU
		{0C2387E6-1D85-470D-ACEC-F4558C33A9C8}.Debug|Any CPU.Build.0 = Debug|Any CPU
		{0C2387E6-1D85-470D-ACEC-F4558C33A9C8}.Release|Any CPU.ActiveCfg = Release|Any CPU
		{0C2387E6-1D85-470D-ACEC-F4558C33A9C8}.Release|Any CPU.Build.0 = Release|Any CPU
		{DA32A077-838C-49FD-B824-C269C8D35207}.Debug|Any CPU.ActiveCfg = Debug|Any CPU
		{DA32A077-838C-49FD-B824-C269C8D35207}.Debug|Any CPU.Build.0 = Debug|Any CPU
		{DA32A077-838C-49FD-B824-C269C8D35207}.Release|Any CPU.ActiveCfg = Release|Any CPU
		{DA32A077-838C-49FD-B824-C269C8D35207}.Release|Any CPU.Build.0 = Release|Any CPU
		{71FEBB13-8A56-490E-B534-C0A0007DF102}.Debug|Any CPU.ActiveCfg = Debug|Any CPU
		{71FEBB13-8A56-490E-B534-C0A0007DF102}.Debug|Any CPU.Build.0 = Debug|Any CPU
		{71FEBB13-8A56-490E-B534-C0A0007DF102}.Release|Any CPU.ActiveCfg = Release|Any CPU
		{71FEBB13-8A56-490E-B534-C0A0007DF102}.Release|Any CPU.Build.0 = Release|Any CPU
		{54981412-0AA2-4608-A708-5B10692C4C3A}.Debug|Any CPU.ActiveCfg = Debug|Any CPU
		{54981412-0AA2-4608-A708-5B10692C4C3A}.Debug|Any CPU.Build.0 = Debug|Any CPU
		{54981412-0AA2-4608-A708-5B10692C4C3A}.Release|Any CPU.ActiveCfg = Release|Any CPU
		{54981412-0AA2-4608-A708-5B10692C4C3A}.Release|Any CPU.Build.0 = Release|Any CPU
		{B0378611-12D4-43C0-8190-0494D586C012}.Debug|Any CPU.ActiveCfg = Debug|Any CPU
		{B0378611-12D4-43C0-8190-0494D586C012}.Debug|Any CPU.Build.0 = Debug|Any CPU
		{B0378611-12D4-43C0-8190-0494D586C012}.Release|Any CPU.ActiveCfg = Release|Any CPU
		{B0378611-12D4-43C0-8190-0494D586C012}.Release|Any CPU.Build.0 = Release|Any CPU
		{71264AC1-0EA6-402A-9DE4-A64C638830BA}.Debug|Any CPU.ActiveCfg = Debug|Any CPU
		{71264AC1-0EA6-402A-9DE4-A64C638830BA}.Debug|Any CPU.Build.0 = Debug|Any CPU
		{71264AC1-0EA6-402A-9DE4-A64C638830BA}.Release|Any CPU.ActiveCfg = Release|Any CPU
		{71264AC1-0EA6-402A-9DE4-A64C638830BA}.Release|Any CPU.Build.0 = Release|Any CPU
		{70C7CD29-F7F4-494F-BEA1-4677D84F97B5}.Debug|Any CPU.ActiveCfg = Debug|Any CPU
		{70C7CD29-F7F4-494F-BEA1-4677D84F97B5}.Debug|Any CPU.Build.0 = Debug|Any CPU
		{70C7CD29-F7F4-494F-BEA1-4677D84F97B5}.Release|Any CPU.ActiveCfg = Release|Any CPU
		{70C7CD29-F7F4-494F-BEA1-4677D84F97B5}.Release|Any CPU.Build.0 = Release|Any CPU
		{21663A3E-D1C8-42D1-9D0C-0E2EA5672FFD}.Debug|Any CPU.ActiveCfg = Debug|Any CPU
		{21663A3E-D1C8-42D1-9D0C-0E2EA5672FFD}.Debug|Any CPU.Build.0 = Debug|Any CPU
		{21663A3E-D1C8-42D1-9D0C-0E2EA5672FFD}.Release|Any CPU.ActiveCfg = Release|Any CPU
		{21663A3E-D1C8-42D1-9D0C-0E2EA5672FFD}.Release|Any CPU.Build.0 = Release|Any CPU
		{24638A57-F010-4DAD-BEB4-A63FFE4EF09D}.Debug|Any CPU.ActiveCfg = Debug|Any CPU
		{24638A57-F010-4DAD-BEB4-A63FFE4EF09D}.Debug|Any CPU.Build.0 = Debug|Any CPU
		{24638A57-F010-4DAD-BEB4-A63FFE4EF09D}.Release|Any CPU.ActiveCfg = Release|Any CPU
		{24638A57-F010-4DAD-BEB4-A63FFE4EF09D}.Release|Any CPU.Build.0 = Release|Any CPU
		{9F1C28E4-04B2-4E06-80C3-C791101F6F2E}.Debug|Any CPU.ActiveCfg = Debug|Any CPU
		{9F1C28E4-04B2-4E06-80C3-C791101F6F2E}.Debug|Any CPU.Build.0 = Debug|Any CPU
		{9F1C28E4-04B2-4E06-80C3-C791101F6F2E}.Release|Any CPU.ActiveCfg = Release|Any CPU
		{9F1C28E4-04B2-4E06-80C3-C791101F6F2E}.Release|Any CPU.Build.0 = Release|Any CPU
		{50EB3BC8-BFC6-427A-A8C1-6529F964AAD5}.Debug|Any CPU.ActiveCfg = Debug|Any CPU
		{50EB3BC8-BFC6-427A-A8C1-6529F964AAD5}.Debug|Any CPU.Build.0 = Debug|Any CPU
		{50EB3BC8-BFC6-427A-A8C1-6529F964AAD5}.Release|Any CPU.ActiveCfg = Release|Any CPU
		{50EB3BC8-BFC6-427A-A8C1-6529F964AAD5}.Release|Any CPU.Build.0 = Release|Any CPU
		{8337399A-E43E-4ABD-9795-D71F78119413}.Debug|Any CPU.ActiveCfg = Debug|Any CPU
		{8337399A-E43E-4ABD-9795-D71F78119413}.Debug|Any CPU.Build.0 = Debug|Any CPU
		{8337399A-E43E-4ABD-9795-D71F78119413}.Release|Any CPU.ActiveCfg = Release|Any CPU
		{8337399A-E43E-4ABD-9795-D71F78119413}.Release|Any CPU.Build.0 = Release|Any CPU
		{965D9536-C8CD-4F53-80FD-E53E9510C698}.Debug|Any CPU.ActiveCfg = Debug|Any CPU
		{965D9536-C8CD-4F53-80FD-E53E9510C698}.Debug|Any CPU.Build.0 = Debug|Any CPU
		{965D9536-C8CD-4F53-80FD-E53E9510C698}.Release|Any CPU.ActiveCfg = Release|Any CPU
		{965D9536-C8CD-4F53-80FD-E53E9510C698}.Release|Any CPU.Build.0 = Release|Any CPU
		{8A9C7ABD-9F77-419B-8722-B1693501C2D3}.Debug|Any CPU.ActiveCfg = Debug|Any CPU
		{8A9C7ABD-9F77-419B-8722-B1693501C2D3}.Debug|Any CPU.Build.0 = Debug|Any CPU
		{8A9C7ABD-9F77-419B-8722-B1693501C2D3}.Release|Any CPU.ActiveCfg = Release|Any CPU
		{8A9C7ABD-9F77-419B-8722-B1693501C2D3}.Release|Any CPU.Build.0 = Release|Any CPU
		{4788E5AA-05DE-44FC-A8A7-7214E62F7EB5}.Debug|Any CPU.ActiveCfg = Debug|Any CPU
		{4788E5AA-05DE-44FC-A8A7-7214E62F7EB5}.Debug|Any CPU.Build.0 = Debug|Any CPU
		{4788E5AA-05DE-44FC-A8A7-7214E62F7EB5}.Release|Any CPU.ActiveCfg = Release|Any CPU
		{4788E5AA-05DE-44FC-A8A7-7214E62F7EB5}.Release|Any CPU.Build.0 = Release|Any CPU
		{184A6236-D1D4-4BB2-9385-4869552DE6B8}.Debug|Any CPU.ActiveCfg = Debug|Any CPU
		{184A6236-D1D4-4BB2-9385-4869552DE6B8}.Debug|Any CPU.Build.0 = Debug|Any CPU
		{184A6236-D1D4-4BB2-9385-4869552DE6B8}.Release|Any CPU.ActiveCfg = Release|Any CPU
		{184A6236-D1D4-4BB2-9385-4869552DE6B8}.Release|Any CPU.Build.0 = Release|Any CPU
		{251F8DBE-C47D-451C-949A-6842A21406D4}.Debug|Any CPU.ActiveCfg = Debug|Any CPU
		{251F8DBE-C47D-451C-949A-6842A21406D4}.Debug|Any CPU.Build.0 = Debug|Any CPU
		{251F8DBE-C47D-451C-949A-6842A21406D4}.Release|Any CPU.ActiveCfg = Release|Any CPU
		{251F8DBE-C47D-451C-949A-6842A21406D4}.Release|Any CPU.Build.0 = Release|Any CPU
		{ACFCA2D8-75F1-4D93-845A-8A61C6A03148}.Debug|Any CPU.ActiveCfg = Debug|Any CPU
		{ACFCA2D8-75F1-4D93-845A-8A61C6A03148}.Debug|Any CPU.Build.0 = Debug|Any CPU
		{ACFCA2D8-75F1-4D93-845A-8A61C6A03148}.Release|Any CPU.ActiveCfg = Release|Any CPU
		{ACFCA2D8-75F1-4D93-845A-8A61C6A03148}.Release|Any CPU.Build.0 = Release|Any CPU
		{349F4917-577A-4ED3-AA22-B050D706D851}.Debug|Any CPU.ActiveCfg = Debug|Any CPU
		{349F4917-577A-4ED3-AA22-B050D706D851}.Debug|Any CPU.Build.0 = Debug|Any CPU
		{349F4917-577A-4ED3-AA22-B050D706D851}.Release|Any CPU.ActiveCfg = Release|Any CPU
		{349F4917-577A-4ED3-AA22-B050D706D851}.Release|Any CPU.Build.0 = Release|Any CPU
		{79B27EB5-AB2F-47FC-8309-FD842006608D}.Debug|Any CPU.ActiveCfg = Debug|Any CPU
		{79B27EB5-AB2F-47FC-8309-FD842006608D}.Debug|Any CPU.Build.0 = Debug|Any CPU
		{79B27EB5-AB2F-47FC-8309-FD842006608D}.Release|Any CPU.ActiveCfg = Release|Any CPU
		{79B27EB5-AB2F-47FC-8309-FD842006608D}.Release|Any CPU.Build.0 = Release|Any CPU
	EndGlobalSection
EndGlobal
